
Microsoft Visual Studio Solution File, Format Version 12.00
# Visual Studio Version 17
VisualStudioVersion = 17.2.32602.215
MinimumVisualStudioVersion = 10.0.40219.1
Project("{FAE04EC0-301F-11D3-BF4B-00C04F79EFBC}") = "ToyStoreAPI", "ToyStoreAPI\ToyStoreAPI.csproj", "{D6DBD40D-9CF4-41B9-A842-F7ABA64DF08A}"
EndProject
Project("{FAE04EC0-301F-11D3-BF4B-00C04F79EFBC}") = "Services", "Services\Services.csproj", "{41C6BE08-C758-42DA-968E-C5475AFE2E0C}"
EndProject
Global
	GlobalSection(SolutionConfigurationPlatforms) = preSolution
		Debug|Any CPU = Debug|Any CPU
		Release|Any CPU = Release|Any CPU
	EndGlobalSection
	GlobalSection(ProjectConfigurationPlatforms) = postSolution
		{D6DBD40D-9CF4-41B9-A842-F7ABA64DF08A}.Debug|Any CPU.ActiveCfg = Debug|Any CPU
		{D6DBD40D-9CF4-41B9-A842-F7ABA64DF08A}.Debug|Any CPU.Build.0 = Debug|Any CPU
		{D6DBD40D-9CF4-41B9-A842-F7ABA64DF08A}.Release|Any CPU.ActiveCfg = Release|Any CPU
		{D6DBD40D-9CF4-41B9-A842-F7ABA64DF08A}.Release|Any CPU.Build.0 = Release|Any CPU
		{41C6BE08-C758-42DA-968E-C5475AFE2E0C}.Debug|Any CPU.ActiveCfg = Debug|Any CPU
		{41C6BE08-C758-42DA-968E-C5475AFE2E0C}.Debug|Any CPU.Build.0 = Debug|Any CPU
		{41C6BE08-C758-42DA-968E-C5475AFE2E0C}.Release|Any CPU.ActiveCfg = Release|Any CPU
		{41C6BE08-C758-42DA-968E-C5475AFE2E0C}.Release|Any CPU.Build.0 = Release|Any CPU
	EndGlobalSection
	GlobalSection(SolutionProperties) = preSolution
		HideSolutionNode = FALSE
	EndGlobalSection
	GlobalSection(ExtensibilityGlobals) = postSolution
		SolutionGuid = {805E565B-3005-41B5-840E-3E751780A42A}
	EndGlobalSection
EndGlobal
